
Microsoft Visual Studio Solution File, Format Version 12.00
# Visual Studio Version 17
VisualStudioVersion = 17.0.32112.339
MinimumVisualStudioVersion = 10.0.40219.1
Project("{9A19103F-16F7-4668-BE54-9A1E7A4F7556}") = "Zadanie2", "Zadanie2\Zadanie2.csproj", "{3A3F5311-D8C3-4E52-B2EF-C5D9B0AFDFC4}"
EndProject
Project("{9A19103F-16F7-4668-BE54-9A1E7A4F7556}") = "Zadanie1", "Zadanie1\Zadanie1.csproj", "{32254AF3-9271-4F08-BC35-535F3FCE3D98}"
EndProject
Project("{9A19103F-16F7-4668-BE54-9A1E7A4F7556}") = "Zadanie1UnitTests", "Zadanie1UnitTests\Zadanie1UnitTests.csproj", "{030EB0C9-7493-4818-AB92-125F065A7E48}"
EndProject
Project("{9A19103F-16F7-4668-BE54-9A1E7A4F7556}") = "Zadanie2UnitTest", "Zadanie2UnitTest\Zadanie2UnitTest.csproj", "{7BFC7550-6A8A-434B-BCD5-9FB229951196}"
EndProject
Project("{9A19103F-16F7-4668-BE54-9A1E7A4F7556}") = "Zadanie3", "Zadanie3\Zadanie3.csproj", "{2C35C384-0B5B-4A26-B9EA-7EBB9D7893BD}"
EndProject
Project("{9A19103F-16F7-4668-BE54-9A1E7A4F7556}") = "Zadanie3UnitTest", "Zadanie3UnitTest\Zadanie3UnitTest.csproj", "{D62AA5C0-293B-48F1-B272-64B08D2720D6}"
EndProject
Project("{9A19103F-16F7-4668-BE54-9A1E7A4F7556}") = "Pudelko", "Pudelko\Pudelko.csproj", "{F5349EFC-8104-44DF-9B41-AA10C22962D5}"
EndProject
Project("{FAE04EC0-301F-11D3-BF4B-00C04F79EFBC}") = "UnitTestPudelko", "UnitTestPudelko\UnitTestPudelko.csproj", "{77AC7767-D85C-41FB-881B-297A5EE17D9E}"
EndProject
Project("{2150E333-8FDC-42A3-9474-1A3956D46DE8}") = "TempElementsLib", "TempElementsLib", "{AB382BB1-4AA7-466F-BE63-CC69ECEE8061}"
EndProject
Project("{FAE04EC0-301F-11D3-BF4B-00C04F79EFBC}") = "TempElementsLib", "TempElementsLib\TempElementsLib.csproj", "{6250CC4B-279D-4037-877A-7D8A1166BA08}"
EndProject
Project("{FAE04EC0-301F-11D3-BF4B-00C04F79EFBC}") = "TempElementsConsoleApp", "TempElementsLib\TempElementsConsoleApp\TempElementsConsoleApp.csproj", "{2F4CFAF4-C36E-43C3-A922-8A4B08569761}"
EndProject
Global
	GlobalSection(SolutionConfigurationPlatforms) = preSolution
		Debug|Any CPU = Debug|Any CPU
		Release|Any CPU = Release|Any CPU
	EndGlobalSection
	GlobalSection(ProjectConfigurationPlatforms) = postSolution
		{3A3F5311-D8C3-4E52-B2EF-C5D9B0AFDFC4}.Debug|Any CPU.ActiveCfg = Debug|Any CPU
		{3A3F5311-D8C3-4E52-B2EF-C5D9B0AFDFC4}.Debug|Any CPU.Build.0 = Debug|Any CPU
		{3A3F5311-D8C3-4E52-B2EF-C5D9B0AFDFC4}.Release|Any CPU.ActiveCfg = Release|Any CPU
		{3A3F5311-D8C3-4E52-B2EF-C5D9B0AFDFC4}.Release|Any CPU.Build.0 = Release|Any CPU
		{32254AF3-9271-4F08-BC35-535F3FCE3D98}.Debug|Any CPU.ActiveCfg = Debug|Any CPU
		{32254AF3-9271-4F08-BC35-535F3FCE3D98}.Debug|Any CPU.Build.0 = Debug|Any CPU
		{32254AF3-9271-4F08-BC35-535F3FCE3D98}.Release|Any CPU.ActiveCfg = Release|Any CPU
		{32254AF3-9271-4F08-BC35-535F3FCE3D98}.Release|Any CPU.Build.0 = Release|Any CPU
		{030EB0C9-7493-4818-AB92-125F065A7E48}.Debug|Any CPU.ActiveCfg = Debug|Any CPU
		{030EB0C9-7493-4818-AB92-125F065A7E48}.Debug|Any CPU.Build.0 = Debug|Any CPU
		{030EB0C9-7493-4818-AB92-125F065A7E48}.Release|Any CPU.ActiveCfg = Release|Any CPU
		{030EB0C9-7493-4818-AB92-125F065A7E48}.Release|Any CPU.Build.0 = Release|Any CPU
		{7BFC7550-6A8A-434B-BCD5-9FB229951196}.Debug|Any CPU.ActiveCfg = Debug|Any CPU
		{7BFC7550-6A8A-434B-BCD5-9FB229951196}.Debug|Any CPU.Build.0 = Debug|Any CPU
		{7BFC7550-6A8A-434B-BCD5-9FB229951196}.Release|Any CPU.ActiveCfg = Release|Any CPU
		{7BFC7550-6A8A-434B-BCD5-9FB229951196}.Release|Any CPU.Build.0 = Release|Any CPU
		{2C35C384-0B5B-4A26-B9EA-7EBB9D7893BD}.Debug|Any CPU.ActiveCfg = Debug|Any CPU
		{2C35C384-0B5B-4A26-B9EA-7EBB9D7893BD}.Debug|Any CPU.Build.0 = Debug|Any CPU
		{2C35C384-0B5B-4A26-B9EA-7EBB9D7893BD}.Release|Any CPU.ActiveCfg = Release|Any CPU
		{2C35C384-0B5B-4A26-B9EA-7EBB9D7893BD}.Release|Any CPU.Build.0 = Release|Any CPU
		{D62AA5C0-293B-48F1-B272-64B08D2720D6}.Debug|Any CPU.ActiveCfg = Debug|Any CPU
		{D62AA5C0-293B-48F1-B272-64B08D2720D6}.Debug|Any CPU.Build.0 = Debug|Any CPU
		{D62AA5C0-293B-48F1-B272-64B08D2720D6}.Release|Any CPU.ActiveCfg = Release|Any CPU
		{D62AA5C0-293B-48F1-B272-64B08D2720D6}.Release|Any CPU.Build.0 = Release|Any CPU
		{F5349EFC-8104-44DF-9B41-AA10C22962D5}.Debug|Any CPU.ActiveCfg = Debug|Any CPU
		{F5349EFC-8104-44DF-9B41-AA10C22962D5}.Debug|Any CPU.Build.0 = Debug|Any CPU
		{F5349EFC-8104-44DF-9B41-AA10C22962D5}.Release|Any CPU.ActiveCfg = Release|Any CPU
		{F5349EFC-8104-44DF-9B41-AA10C22962D5}.Release|Any CPU.Build.0 = Release|Any CPU
		{77AC7767-D85C-41FB-881B-297A5EE17D9E}.Debug|Any CPU.ActiveCfg = Debug|Any CPU
		{77AC7767-D85C-41FB-881B-297A5EE17D9E}.Debug|Any CPU.Build.0 = Debug|Any CPU
		{77AC7767-D85C-41FB-881B-297A5EE17D9E}.Release|Any CPU.ActiveCfg = Release|Any CPU
		{77AC7767-D85C-41FB-881B-297A5EE17D9E}.Release|Any CPU.Build.0 = Release|Any CPU
		{6250CC4B-279D-4037-877A-7D8A1166BA08}.Debug|Any CPU.ActiveCfg = Debug|Any CPU
		{6250CC4B-279D-4037-877A-7D8A1166BA08}.Debug|Any CPU.Build.0 = Debug|Any CPU
		{6250CC4B-279D-4037-877A-7D8A1166BA08}.Release|Any CPU.ActiveCfg = Release|Any CPU
		{6250CC4B-279D-4037-877A-7D8A1166BA08}.Release|Any CPU.Build.0 = Release|Any CPU
		{2F4CFAF4-C36E-43C3-A922-8A4B08569761}.Debug|Any CPU.ActiveCfg = Debug|Any CPU
		{2F4CFAF4-C36E-43C3-A922-8A4B08569761}.Debug|Any CPU.Build.0 = Debug|Any CPU
		{2F4CFAF4-C36E-43C3-A922-8A4B08569761}.Release|Any CPU.ActiveCfg = Release|Any CPU
		{2F4CFAF4-C36E-43C3-A922-8A4B08569761}.Release|Any CPU.Build.0 = Release|Any CPU
	EndGlobalSection
	GlobalSection(SolutionProperties) = preSolution
		HideSolutionNode = FALSE
	EndGlobalSection
	GlobalSection(ExtensibilityGlobals) = postSolution
		SolutionGuid = {FEDFB1E9-8E1B-4DA2-A004-3337E100251F}
	EndGlobalSection
	GlobalSection(NestedProjects) = preSolution
		{6250CC4B-279D-4037-877A-7D8A1166BA08} = {AB382BB1-4AA7-466F-BE63-CC69ECEE8061}
		{2F4CFAF4-C36E-43C3-A922-8A4B08569761} = {AB382BB1-4AA7-466F-BE63-CC69ECEE8061}
	EndGlobalSection
EndGlobal
